// !$*UTF8*$!
{
	archiveVersion = 1;
	classes = {
	};
	objectVersion = 55;
	objects = {

/* Begin PBXBuildFile section */
		8D3BEB842761519000748CE2 /* PostsServiceModel.swift in Sources */ = {isa = PBXBuildFile; fileRef = 8D3BEB832761519000748CE2 /* PostsServiceModel.swift */; };
		8D3BEB872761604900748CE2 /* PostsIdServiceModel.swift in Sources */ = {isa = PBXBuildFile; fileRef = 8D3BEB862761604900748CE2 /* PostsIdServiceModel.swift */; };
		8D3BEB8A2761636F00748CE2 /* PostsViewController.swift in Sources */ = {isa = PBXBuildFile; fileRef = 8D3BEB892761636F00748CE2 /* PostsViewController.swift */; };
		8D3BEB8F276169CF00748CE2 /* DetailCollectionViewCell.swift in Sources */ = {isa = PBXBuildFile; fileRef = 8D3BEB8D276169CF00748CE2 /* DetailCollectionViewCell.swift */; };
		8D3BEB90276169CF00748CE2 /* DetailCollectionViewCell.xib in Resources */ = {isa = PBXBuildFile; fileRef = 8D3BEB8E276169CF00748CE2 /* DetailCollectionViewCell.xib */; };
		8D3BEB93276169F000748CE2 /* PostsCollectionViewCell.swift in Sources */ = {isa = PBXBuildFile; fileRef = 8D3BEB91276169F000748CE2 /* PostsCollectionViewCell.swift */; };
		8D3BEB94276169F000748CE2 /* PostsCollectionViewCell.xib in Resources */ = {isa = PBXBuildFile; fileRef = 8D3BEB92276169F000748CE2 /* PostsCollectionViewCell.xib */; };
		8D3BEB9627616DF000748CE2 /* UIView+transition.swift in Sources */ = {isa = PBXBuildFile; fileRef = 8D3BEB9527616DF000748CE2 /* UIView+transition.swift */; };
		8D63193A276189A40047A6E4 /* PostViewModel.swift in Sources */ = {isa = PBXBuildFile; fileRef = 8D631939276189A40047A6E4 /* PostViewModel.swift */; };
		8D899E70275EC533006F16EE /* AppDelegate.swift in Sources */ = {isa = PBXBuildFile; fileRef = 8D899E6F275EC533006F16EE /* AppDelegate.swift */; };
		8D899E72275EC533006F16EE /* SceneDelegate.swift in Sources */ = {isa = PBXBuildFile; fileRef = 8D899E71275EC533006F16EE /* SceneDelegate.swift */; };
		8D899E74275EC533006F16EE /* ViewController.swift in Sources */ = {isa = PBXBuildFile; fileRef = 8D899E73275EC533006F16EE /* ViewController.swift */; };
		8D899E77275EC533006F16EE /* Main.storyboard in Resources */ = {isa = PBXBuildFile; fileRef = 8D899E75275EC533006F16EE /* Main.storyboard */; };
		8D899E7A275EC533006F16EE /* contactsApp.xcdatamodeld in Sources */ = {isa = PBXBuildFile; fileRef = 8D899E78275EC533006F16EE /* contactsApp.xcdatamodeld */; };
		8D899E7C275EC536006F16EE /* Assets.xcassets in Resources */ = {isa = PBXBuildFile; fileRef = 8D899E7B275EC536006F16EE /* Assets.xcassets */; };
		8D899E7F275EC536006F16EE /* LaunchScreen.storyboard in Resources */ = {isa = PBXBuildFile; fileRef = 8D899E7D275EC536006F16EE /* LaunchScreen.storyboard */; };
		8D899E8E275EC932006F16EE /* enviroment.swift in Sources */ = {isa = PBXBuildFile; fileRef = 8D899E8D275EC932006F16EE /* enviroment.swift */; };
		8D899E91275ECC15006F16EE /* Users.swift in Sources */ = {isa = PBXBuildFile; fileRef = 8D899E90275ECC15006F16EE /* Users.swift */; };
		8D899E95275ECDC1006F16EE /* Posts.swift in Sources */ = {isa = PBXBuildFile; fileRef = 8D899E94275ECDC1006F16EE /* Posts.swift */; };
		8D899E98275ED06E006F16EE /* PostsId.swift in Sources */ = {isa = PBXBuildFile; fileRef = 8D899E97275ED06E006F16EE /* PostsId.swift */; };
		8D899E9B275ED183006F16EE /* NetworkServices.swift in Sources */ = {isa = PBXBuildFile; fileRef = 8D899E9A275ED183006F16EE /* NetworkServices.swift */; };
		8D899E9D275ED599006F16EE /* UsersViewModel.swift in Sources */ = {isa = PBXBuildFile; fileRef = 8D899E9C275ED599006F16EE /* UsersViewModel.swift */; };
		8D899E9F275ED8EF006F16EE /* UsersServicesModel.swift in Sources */ = {isa = PBXBuildFile; fileRef = 8D899E9E275ED8EF006F16EE /* UsersServicesModel.swift */; };
		8D899EA2275EDA30006F16EE /* DatabaseHandler.swift in Sources */ = {isa = PBXBuildFile; fileRef = 8D899EA1275EDA30006F16EE /* DatabaseHandler.swift */; };
		8DDC4F11276286BC00F8E0AD /* Simulator Screen Shot - iPhone 13 Pro - 2021-12-09 at 13.42.34.png in Resources */ = {isa = PBXBuildFile; fileRef = 8DDC4F0C276286BC00F8E0AD /* Simulator Screen Shot - iPhone 13 Pro - 2021-12-09 at 13.42.34.png */; };
		8DDC4F12276286BC00F8E0AD /* Simulator Screen Shot - iPhone 13 Pro - 2021-12-09 at 13.41.58.png in Resources */ = {isa = PBXBuildFile; fileRef = 8DDC4F0D276286BC00F8E0AD /* Simulator Screen Shot - iPhone 13 Pro - 2021-12-09 at 13.41.58.png */; };
		8DDC4F13276286BC00F8E0AD /* Simulator Screen Shot - iPhone 13 Pro - 2021-12-09 at 13.43.00.png in Resources */ = {isa = PBXBuildFile; fileRef = 8DDC4F0E276286BC00F8E0AD /* Simulator Screen Shot - iPhone 13 Pro - 2021-12-09 at 13.43.00.png */; };
		8DDC4F14276286BC00F8E0AD /* Simulator Screen Shot - iPhone 13 Pro - 2021-12-09 at 13.42.41.png in Resources */ = {isa = PBXBuildFile; fileRef = 8DDC4F0F276286BC00F8E0AD /* Simulator Screen Shot - iPhone 13 Pro - 2021-12-09 at 13.42.41.png */; };
		8DDC4F15276286BC00F8E0AD /* Simulator Screen Shot - iPhone 13 Pro - 2021-12-09 at 13.42.53.png in Resources */ = {isa = PBXBuildFile; fileRef = 8DDC4F10276286BC00F8E0AD /* Simulator Screen Shot - iPhone 13 Pro - 2021-12-09 at 13.42.53.png */; };
		8DF3FE0627610440003B2D07 /* UsersViewController.swift in Sources */ = {isa = PBXBuildFile; fileRef = 8DF3FE0527610440003B2D07 /* UsersViewController.swift */; };
		8DFCFA1F276007BD001C0812 /* UIView+Extension.swift in Sources */ = {isa = PBXBuildFile; fileRef = 8DFCFA1E276007BD001C0812 /* UIView+Extension.swift */; };
		8DFCFA21276007EA001C0812 /* UIViewController+Extension.swift in Sources */ = {isa = PBXBuildFile; fileRef = 8DFCFA20276007EA001C0812 /* UIViewController+Extension.swift */; };
		8DFCFA2427600839001C0812 /* CardViewShadow.swift in Sources */ = {isa = PBXBuildFile; fileRef = 8DFCFA2327600839001C0812 /* CardViewShadow.swift */; };
		8DFCFA2D27601B9E001C0812 /* Box.swift in Sources */ = {isa = PBXBuildFile; fileRef = 8DFCFA2C27601B9E001C0812 /* Box.swift */; };
		8DFCFA3D27602CCF001C0812 /* UIView+Layout.swift in Sources */ = {isa = PBXBuildFile; fileRef = 8DFCFA3C27602CCF001C0812 /* UIView+Layout.swift */; };
		8DFCFA40276038C5001C0812 /* UsersCollectionViewCell.swift in Sources */ = {isa = PBXBuildFile; fileRef = 8DFCFA3E276038C5001C0812 /* UsersCollectionViewCell.swift */; };
		8DFCFA41276038C5001C0812 /* UsersCollectionViewCell.xib in Resources */ = {isa = PBXBuildFile; fileRef = 8DFCFA3F276038C5001C0812 /* UsersCollectionViewCell.xib */; };
		8DFCFA4327603DF0001C0812 /* BoxObservable.swift in Sources */ = {isa = PBXBuildFile; fileRef = 8DFCFA4227603DF0001C0812 /* BoxObservable.swift */; };
/* End PBXBuildFile section */

/* Begin PBXFileReference section */
		8D3BEB832761519000748CE2 /* PostsServiceModel.swift */ = {isa = PBXFileReference; lastKnownFileType = sourcecode.swift; path = PostsServiceModel.swift; sourceTree = "<group>"; };
		8D3BEB862761604900748CE2 /* PostsIdServiceModel.swift */ = {isa = PBXFileReference; lastKnownFileType = sourcecode.swift; path = PostsIdServiceModel.swift; sourceTree = "<group>"; };
		8D3BEB892761636F00748CE2 /* PostsViewController.swift */ = {isa = PBXFileReference; lastKnownFileType = sourcecode.swift; path = PostsViewController.swift; sourceTree = "<group>"; };
		8D3BEB8D276169CF00748CE2 /* DetailCollectionViewCell.swift */ = {isa = PBXFileReference; lastKnownFileType = sourcecode.swift; path = DetailCollectionViewCell.swift; sourceTree = "<group>"; };
		8D3BEB8E276169CF00748CE2 /* DetailCollectionViewCell.xib */ = {isa = PBXFileReference; lastKnownFileType = file.xib; path = DetailCollectionViewCell.xib; sourceTree = "<group>"; };
		8D3BEB91276169F000748CE2 /* PostsCollectionViewCell.swift */ = {isa = PBXFileReference; lastKnownFileType = sourcecode.swift; path = PostsCollectionViewCell.swift; sourceTree = "<group>"; };
		8D3BEB92276169F000748CE2 /* PostsCollectionViewCell.xib */ = {isa = PBXFileReference; lastKnownFileType = file.xib; path = PostsCollectionViewCell.xib; sourceTree = "<group>"; };
		8D3BEB9527616DF000748CE2 /* UIView+transition.swift */ = {isa = PBXFileReference; lastKnownFileType = sourcecode.swift; path = "UIView+transition.swift"; sourceTree = "<group>"; };
		8D631939276189A40047A6E4 /* PostViewModel.swift */ = {isa = PBXFileReference; lastKnownFileType = sourcecode.swift; path = PostViewModel.swift; sourceTree = "<group>"; };
		8D899E6C275EC533006F16EE /* contactsApp.app */ = {isa = PBXFileReference; explicitFileType = wrapper.application; includeInIndex = 0; path = contactsApp.app; sourceTree = BUILT_PRODUCTS_DIR; };
		8D899E6F275EC533006F16EE /* AppDelegate.swift */ = {isa = PBXFileReference; lastKnownFileType = sourcecode.swift; path = AppDelegate.swift; sourceTree = "<group>"; };
		8D899E71275EC533006F16EE /* SceneDelegate.swift */ = {isa = PBXFileReference; lastKnownFileType = sourcecode.swift; path = SceneDelegate.swift; sourceTree = "<group>"; };
		8D899E73275EC533006F16EE /* ViewController.swift */ = {isa = PBXFileReference; lastKnownFileType = sourcecode.swift; path = ViewController.swift; sourceTree = "<group>"; };
		8D899E76275EC533006F16EE /* Base */ = {isa = PBXFileReference; lastKnownFileType = file.storyboard; name = Base; path = Base.lproj/Main.storyboard; sourceTree = "<group>"; };
		8D899E79275EC533006F16EE /* contactsApp.xcdatamodel */ = {isa = PBXFileReference; lastKnownFileType = wrapper.xcdatamodel; path = contactsApp.xcdatamodel; sourceTree = "<group>"; };
		8D899E7B275EC536006F16EE /* Assets.xcassets */ = {isa = PBXFileReference; lastKnownFileType = folder.assetcatalog; path = Assets.xcassets; sourceTree = "<group>"; };
		8D899E7E275EC536006F16EE /* Base */ = {isa = PBXFileReference; lastKnownFileType = file.storyboard; name = Base; path = Base.lproj/LaunchScreen.storyboard; sourceTree = "<group>"; };
		8D899E80275EC536006F16EE /* Info.plist */ = {isa = PBXFileReference; lastKnownFileType = text.plist.xml; path = Info.plist; sourceTree = "<group>"; };
		8D899E8D275EC932006F16EE /* enviroment.swift */ = {isa = PBXFileReference; lastKnownFileType = sourcecode.swift; path = enviroment.swift; sourceTree = "<group>"; };
		8D899E90275ECC15006F16EE /* Users.swift */ = {isa = PBXFileReference; lastKnownFileType = sourcecode.swift; path = Users.swift; sourceTree = "<group>"; };
		8D899E94275ECDC1006F16EE /* Posts.swift */ = {isa = PBXFileReference; lastKnownFileType = sourcecode.swift; path = Posts.swift; sourceTree = "<group>"; };
		8D899E97275ED06E006F16EE /* PostsId.swift */ = {isa = PBXFileReference; lastKnownFileType = sourcecode.swift; path = PostsId.swift; sourceTree = "<group>"; };
		8D899E9A275ED183006F16EE /* NetworkServices.swift */ = {isa = PBXFileReference; lastKnownFileType = sourcecode.swift; path = NetworkServices.swift; sourceTree = "<group>"; };
		8D899E9C275ED599006F16EE /* UsersViewModel.swift */ = {isa = PBXFileReference; lastKnownFileType = sourcecode.swift; path = UsersViewModel.swift; sourceTree = "<group>"; };
		8D899E9E275ED8EF006F16EE /* UsersServicesModel.swift */ = {isa = PBXFileReference; lastKnownFileType = sourcecode.swift; path = UsersServicesModel.swift; sourceTree = "<group>"; };
		8D899EA1275EDA30006F16EE /* DatabaseHandler.swift */ = {isa = PBXFileReference; lastKnownFileType = sourcecode.swift; path = DatabaseHandler.swift; sourceTree = "<group>"; };
		8DDC4F0C276286BC00F8E0AD /* Simulator Screen Shot - iPhone 13 Pro - 2021-12-09 at 13.42.34.png */ = {isa = PBXFileReference; lastKnownFileType = image.png; path = "Simulator Screen Shot - iPhone 13 Pro - 2021-12-09 at 13.42.34.png"; sourceTree = "<group>"; };
		8DDC4F0D276286BC00F8E0AD /* Simulator Screen Shot - iPhone 13 Pro - 2021-12-09 at 13.41.58.png */ = {isa = PBXFileReference; lastKnownFileType = image.png; path = "Simulator Screen Shot - iPhone 13 Pro - 2021-12-09 at 13.41.58.png"; sourceTree = "<group>"; };
		8DDC4F0E276286BC00F8E0AD /* Simulator Screen Shot - iPhone 13 Pro - 2021-12-09 at 13.43.00.png */ = {isa = PBXFileReference; lastKnownFileType = image.png; path = "Simulator Screen Shot - iPhone 13 Pro - 2021-12-09 at 13.43.00.png"; sourceTree = "<group>"; };
		8DDC4F0F276286BC00F8E0AD /* Simulator Screen Shot - iPhone 13 Pro - 2021-12-09 at 13.42.41.png */ = {isa = PBXFileReference; lastKnownFileType = image.png; path = "Simulator Screen Shot - iPhone 13 Pro - 2021-12-09 at 13.42.41.png"; sourceTree = "<group>"; };
		8DDC4F10276286BC00F8E0AD /* Simulator Screen Shot - iPhone 13 Pro - 2021-12-09 at 13.42.53.png */ = {isa = PBXFileReference; lastKnownFileType = image.png; path = "Simulator Screen Shot - iPhone 13 Pro - 2021-12-09 at 13.42.53.png"; sourceTree = "<group>"; };
		8DF3FE0527610440003B2D07 /* UsersViewController.swift */ = {isa = PBXFileReference; lastKnownFileType = sourcecode.swift; path = UsersViewController.swift; sourceTree = "<group>"; };
		8DFCFA1E276007BD001C0812 /* UIView+Extension.swift */ = {isa = PBXFileReference; lastKnownFileType = sourcecode.swift; path = "UIView+Extension.swift"; sourceTree = "<group>"; };
		8DFCFA20276007EA001C0812 /* UIViewController+Extension.swift */ = {isa = PBXFileReference; lastKnownFileType = sourcecode.swift; path = "UIViewController+Extension.swift"; sourceTree = "<group>"; };
		8DFCFA2327600839001C0812 /* CardViewShadow.swift */ = {isa = PBXFileReference; lastKnownFileType = sourcecode.swift; path = CardViewShadow.swift; sourceTree = "<group>"; };
		8DFCFA2C27601B9E001C0812 /* Box.swift */ = {isa = PBXFileReference; lastKnownFileType = sourcecode.swift; path = Box.swift; sourceTree = "<group>"; };
		8DFCFA3C27602CCF001C0812 /* UIView+Layout.swift */ = {isa = PBXFileReference; lastKnownFileType = sourcecode.swift; path = "UIView+Layout.swift"; sourceTree = "<group>"; };
		8DFCFA3E276038C5001C0812 /* UsersCollectionViewCell.swift */ = {isa = PBXFileReference; lastKnownFileType = sourcecode.swift; path = UsersCollectionViewCell.swift; sourceTree = "<group>"; };
		8DFCFA3F276038C5001C0812 /* UsersCollectionViewCell.xib */ = {isa = PBXFileReference; lastKnownFileType = file.xib; path = UsersCollectionViewCell.xib; sourceTree = "<group>"; };
		8DFCFA4227603DF0001C0812 /* BoxObservable.swift */ = {isa = PBXFileReference; lastKnownFileType = sourcecode.swift; path = BoxObservable.swift; sourceTree = "<group>"; };
/* End PBXFileReference section */

/* Begin PBXFrameworksBuildPhase section */
		8D899E69275EC532006F16EE /* Frameworks */ = {
			isa = PBXFrameworksBuildPhase;
			buildActionMask = 2147483647;
			files = (
			);
			runOnlyForDeploymentPostprocessing = 0;
		};
/* End PBXFrameworksBuildPhase section */

/* Begin PBXGroup section */
		8D3BEB882761632400748CE2 /* Post */ = {
			isa = PBXGroup;
			children = (
				8D3BEB892761636F00748CE2 /* PostsViewController.swift */,
			);
			path = Post;
			sourceTree = "<group>";
		};
		8D3BEB8B276169A900748CE2 /* DetailContact */ = {
			isa = PBXGroup;
			children = (
				8D3BEB8D276169CF00748CE2 /* DetailCollectionViewCell.swift */,
				8D3BEB8E276169CF00748CE2 /* DetailCollectionViewCell.xib */,
			);
			path = DetailContact;
			sourceTree = "<group>";
		};
		8D3BEB8C276169B300748CE2 /* PostContact */ = {
			isa = PBXGroup;
			children = (
				8D3BEB91276169F000748CE2 /* PostsCollectionViewCell.swift */,
				8D3BEB92276169F000748CE2 /* PostsCollectionViewCell.xib */,
			);
			path = PostContact;
			sourceTree = "<group>";
		};
		8D899E63275EC532006F16EE = {
			isa = PBXGroup;
			children = (
				8D899E6E275EC533006F16EE /* contactsApp */,
				8D899E6D275EC533006F16EE /* Products */,
			);
			sourceTree = "<group>";
		};
		8D899E6D275EC533006F16EE /* Products */ = {
			isa = PBXGroup;
			children = (
				8D899E6C275EC533006F16EE /* contactsApp.app */,
			);
			name = Products;
			sourceTree = "<group>";
		};
		8D899E6E275EC533006F16EE /* contactsApp */ = {
			isa = PBXGroup;
			children = (
				8DDC4F0B276286BC00F8E0AD /* ScreenShots */,
				8DFCFA1D276007A3001C0812 /* Extensions */,
				8D899EA0275EDA15006F16EE /* DataManger */,
				8D899E99275ED164006F16EE /* Services */,
				8D899E8C275EC914006F16EE /* Utils */,
				8D899E8B275EC902006F16EE /* Constants */,
				8D899E8A275EC775006F16EE /* Controller */,
				8D899E88275EC5A7006F16EE /* ViewModel */,
				8D899E87275EC5A2006F16EE /* View */,
				8D899E86275EC59A006F16EE /* Model */,
				8D899E6F275EC533006F16EE /* AppDelegate.swift */,
				8D899E71275EC533006F16EE /* SceneDelegate.swift */,
				8D899E73275EC533006F16EE /* ViewController.swift */,
				8D899E75275EC533006F16EE /* Main.storyboard */,
				8D899E7B275EC536006F16EE /* Assets.xcassets */,
				8D899E7D275EC536006F16EE /* LaunchScreen.storyboard */,
				8D899E80275EC536006F16EE /* Info.plist */,
				8D899E78275EC533006F16EE /* contactsApp.xcdatamodeld */,
			);
			path = contactsApp;
			sourceTree = "<group>";
		};
		8D899E86275EC59A006F16EE /* Model */ = {
			isa = PBXGroup;
			children = (
				8D899E92275ECD2D006F16EE /* Posts */,
				8D899E8F275ECBEA006F16EE /* Users */,
			);
			path = Model;
			sourceTree = "<group>";
		};
		8D899E87275EC5A2006F16EE /* View */ = {
			isa = PBXGroup;
			children = (
				8D3BEB8C276169B300748CE2 /* PostContact */,
				8D3BEB8B276169A900748CE2 /* DetailContact */,
				8DFCFA3E276038C5001C0812 /* UsersCollectionViewCell.swift */,
				8DFCFA3F276038C5001C0812 /* UsersCollectionViewCell.xib */,
			);
			path = View;
			sourceTree = "<group>";
		};
		8D899E88275EC5A7006F16EE /* ViewModel */ = {
			isa = PBXGroup;
			children = (
				8D899E9C275ED599006F16EE /* UsersViewModel.swift */,
				8D631939276189A40047A6E4 /* PostViewModel.swift */,
			);
			path = ViewModel;
			sourceTree = "<group>";
		};
		8D899E8A275EC775006F16EE /* Controller */ = {
			isa = PBXGroup;
			children = (
				8D3BEB882761632400748CE2 /* Post */,
				8DF3FE0427610428003B2D07 /* User */,
			);
			path = Controller;
			sourceTree = "<group>";
		};
		8D899E8B275EC902006F16EE /* Constants */ = {
			isa = PBXGroup;
			children = (
				8D899E8D275EC932006F16EE /* enviroment.swift */,
			);
			path = Constants;
			sourceTree = "<group>";
		};
		8D899E8C275EC914006F16EE /* Utils */ = {
			isa = PBXGroup;
			children = (
				8DFCFA2B27601B94001C0812 /* Box */,
				8DFCFA2227600824001C0812 /* CardViewsShadow */,
			);
			path = Utils;
			sourceTree = "<group>";
		};
		8D899E8F275ECBEA006F16EE /* Users */ = {
			isa = PBXGroup;
			children = (
				8D899E90275ECC15006F16EE /* Users.swift */,
				8D899E9E275ED8EF006F16EE /* UsersServicesModel.swift */,
			);
			path = Users;
			sourceTree = "<group>";
		};
		8D899E92275ECD2D006F16EE /* Posts */ = {
			isa = PBXGroup;
			children = (
				8D899E96275ED05C006F16EE /* PostsId */,
				8D899E93275ECDAF006F16EE /* Posts */,
			);
			path = Posts;
			sourceTree = "<group>";
		};
		8D899E93275ECDAF006F16EE /* Posts */ = {
			isa = PBXGroup;
			children = (
				8D899E94275ECDC1006F16EE /* Posts.swift */,
				8D3BEB832761519000748CE2 /* PostsServiceModel.swift */,
			);
			path = Posts;
			sourceTree = "<group>";
		};
		8D899E96275ED05C006F16EE /* PostsId */ = {
			isa = PBXGroup;
			children = (
				8D899E97275ED06E006F16EE /* PostsId.swift */,
				8D3BEB862761604900748CE2 /* PostsIdServiceModel.swift */,
			);
			path = PostsId;
			sourceTree = "<group>";
		};
		8D899E99275ED164006F16EE /* Services */ = {
			isa = PBXGroup;
			children = (
				8D899E9A275ED183006F16EE /* NetworkServices.swift */,
			);
			path = Services;
			sourceTree = "<group>";
		};
		8D899EA0275EDA15006F16EE /* DataManger */ = {
			isa = PBXGroup;
			children = (
				8D899EA1275EDA30006F16EE /* DatabaseHandler.swift */,
			);
			path = DataManger;
			sourceTree = "<group>";
		};
		8DDC4F0B276286BC00F8E0AD /* ScreenShots */ = {
			isa = PBXGroup;
			children = (
				8DDC4F0C276286BC00F8E0AD /* Simulator Screen Shot - iPhone 13 Pro - 2021-12-09 at 13.42.34.png */,
				8DDC4F0D276286BC00F8E0AD /* Simulator Screen Shot - iPhone 13 Pro - 2021-12-09 at 13.41.58.png */,
				8DDC4F0E276286BC00F8E0AD /* Simulator Screen Shot - iPhone 13 Pro - 2021-12-09 at 13.43.00.png */,
				8DDC4F0F276286BC00F8E0AD /* Simulator Screen Shot - iPhone 13 Pro - 2021-12-09 at 13.42.41.png */,
				8DDC4F10276286BC00F8E0AD /* Simulator Screen Shot - iPhone 13 Pro - 2021-12-09 at 13.42.53.png */,
			);
			path = ScreenShots;
			sourceTree = "<group>";
		};
		8DF3FE0427610428003B2D07 /* User */ = {
			isa = PBXGroup;
			children = (
				8DF3FE0527610440003B2D07 /* UsersViewController.swift */,
			);
			path = User;
			sourceTree = "<group>";
		};
		8DFCFA1D276007A3001C0812 /* Extensions */ = {
			isa = PBXGroup;
			children = (
				8DFCFA1E276007BD001C0812 /* UIView+Extension.swift */,
				8DFCFA20276007EA001C0812 /* UIViewController+Extension.swift */,
				8DFCFA3C27602CCF001C0812 /* UIView+Layout.swift */,
				8D3BEB9527616DF000748CE2 /* UIView+transition.swift */,
			);
			path = Extensions;
			sourceTree = "<group>";
		};
		8DFCFA2227600824001C0812 /* CardViewsShadow */ = {
			isa = PBXGroup;
			children = (
				8DFCFA2327600839001C0812 /* CardViewShadow.swift */,
			);
			path = CardViewsShadow;
			sourceTree = "<group>";
		};
		8DFCFA2B27601B94001C0812 /* Box */ = {
			isa = PBXGroup;
			children = (
				8DFCFA2C27601B9E001C0812 /* Box.swift */,
				8DFCFA4227603DF0001C0812 /* BoxObservable.swift */,
			);
			path = Box;
			sourceTree = "<group>";
		};
/* End PBXGroup section */

/* Begin PBXNativeTarget section */
		8D899E6B275EC532006F16EE /* contactsApp */ = {
			isa = PBXNativeTarget;
			buildConfigurationList = 8D899E83275EC536006F16EE /* Build configuration list for PBXNativeTarget "contactsApp" */;
			buildPhases = (
				8D899E68275EC532006F16EE /* Sources */,
				8D899E69275EC532006F16EE /* Frameworks */,
				8D899E6A275EC532006F16EE /* Resources */,
			);
			buildRules = (
			);
			dependencies = (
			);
			name = contactsApp;
			productName = contactsApp;
			productReference = 8D899E6C275EC533006F16EE /* contactsApp.app */;
			productType = "com.apple.product-type.application";
		};
/* End PBXNativeTarget section */

/* Begin PBXProject section */
		8D899E64275EC532006F16EE /* Project object */ = {
			isa = PBXProject;
			attributes = {
				BuildIndependentTargetsInParallel = 1;
				LastSwiftUpdateCheck = 1310;
				LastUpgradeCheck = 1310;
				TargetAttributes = {
					8D899E6B275EC532006F16EE = {
						CreatedOnToolsVersion = 13.1;
					};
				};
			};
			buildConfigurationList = 8D899E67275EC532006F16EE /* Build configuration list for PBXProject "contactsApp" */;
			compatibilityVersion = "Xcode 13.0";
			developmentRegion = en;
			hasScannedForEncodings = 0;
			knownRegions = (
				en,
				Base,
			);
			mainGroup = 8D899E63275EC532006F16EE;
			productRefGroup = 8D899E6D275EC533006F16EE /* Products */;
			projectDirPath = "";
			projectRoot = "";
			targets = (
				8D899E6B275EC532006F16EE /* contactsApp */,
			);
		};
/* End PBXProject section */

/* Begin PBXResourcesBuildPhase section */
		8D899E6A275EC532006F16EE /* Resources */ = {
			isa = PBXResourcesBuildPhase;
			buildActionMask = 2147483647;
			files = (
				8D899E7F275EC536006F16EE /* LaunchScreen.storyboard in Resources */,
				8DFCFA41276038C5001C0812 /* UsersCollectionViewCell.xib in Resources */,
				8DDC4F13276286BC00F8E0AD /* Simulator Screen Shot - iPhone 13 Pro - 2021-12-09 at 13.43.00.png in Resources */,
				8D3BEB94276169F000748CE2 /* PostsCollectionViewCell.xib in Resources */,
				8DDC4F12276286BC00F8E0AD /* Simulator Screen Shot - iPhone 13 Pro - 2021-12-09 at 13.41.58.png in Resources */,
				8DDC4F15276286BC00F8E0AD /* Simulator Screen Shot - iPhone 13 Pro - 2021-12-09 at 13.42.53.png in Resources */,
				8DDC4F11276286BC00F8E0AD /* Simulator Screen Shot - iPhone 13 Pro - 2021-12-09 at 13.42.34.png in Resources */,
				8D899E7C275EC536006F16EE /* Assets.xcassets in Resources */,
				8D899E77275EC533006F16EE /* Main.storyboard in Resources */,
				8DDC4F14276286BC00F8E0AD /* Simulator Screen Shot - iPhone 13 Pro - 2021-12-09 at 13.42.41.png in Resources */,
				8D3BEB90276169CF00748CE2 /* DetailCollectionViewCell.xib in Resources */,
			);
			runOnlyForDeploymentPostprocessing = 0;
		};
/* End PBXResourcesBuildPhase section */

/* Begin PBXSourcesBuildPhase section */
		8D899E68275EC532006F16EE /* Sources */ = {
			isa = PBXSourcesBuildPhase;
			buildActionMask = 2147483647;
			files = (
				8D899E7A275EC533006F16EE /* contactsApp.xcdatamodeld in Sources */,
				8D899E95275ECDC1006F16EE /* Posts.swift in Sources */,
				8DFCFA21276007EA001C0812 /* UIViewController+Extension.swift in Sources */,
				8D899E74275EC533006F16EE /* ViewController.swift in Sources */,
				8D3BEB872761604900748CE2 /* PostsIdServiceModel.swift in Sources */,
				8DFCFA3D27602CCF001C0812 /* UIView+Layout.swift in Sources */,
				8DFCFA40276038C5001C0812 /* UsersCollectionViewCell.swift in Sources */,
				8D3BEB8A2761636F00748CE2 /* PostsViewController.swift in Sources */,
				8D899EA2275EDA30006F16EE /* DatabaseHandler.swift in Sources */,
				8D899E9F275ED8EF006F16EE /* UsersServicesModel.swift in Sources */,
				8D899E9B275ED183006F16EE /* NetworkServices.swift in Sources */,
				8D3BEB8F276169CF00748CE2 /* DetailCollectionViewCell.swift in Sources */,
				8D899E8E275EC932006F16EE /* enviroment.swift in Sources */,
				8D3BEB9627616DF000748CE2 /* UIView+transition.swift in Sources */,
				8DFCFA1F276007BD001C0812 /* UIView+Extension.swift in Sources */,
				8D63193A276189A40047A6E4 /* PostViewModel.swift in Sources */,
				8DFCFA4327603DF0001C0812 /* BoxObservable.swift in Sources */,
				8DFCFA2427600839001C0812 /* CardViewShadow.swift in Sources */,
				8D899E70275EC533006F16EE /* AppDelegate.swift in Sources */,
				8D899E91275ECC15006F16EE /* Users.swift in Sources */,
				8D3BEB842761519000748CE2 /* PostsServiceModel.swift in Sources */,
				8D899E98275ED06E006F16EE /* PostsId.swift in Sources */,
				8DFCFA2D27601B9E001C0812 /* Box.swift in Sources */,
				8DF3FE0627610440003B2D07 /* UsersViewController.swift in Sources */,
				8D899E72275EC533006F16EE /* SceneDelegate.swift in Sources */,
				8D3BEB93276169F000748CE2 /* PostsCollectionViewCell.swift in Sources */,
				8D899E9D275ED599006F16EE /* UsersViewModel.swift in Sources */,
			);
			runOnlyForDeploymentPostprocessing = 0;
		};
/* End PBXSourcesBuildPhase section */

/* Begin PBXVariantGroup section */
		8D899E75275EC533006F16EE /* Main.storyboard */ = {
			isa = PBXVariantGroup;
			children = (
				8D899E76275EC533006F16EE /* Base */,
			);
			name = Main.storyboard;
			sourceTree = "<group>";
		};
		8D899E7D275EC536006F16EE /* LaunchScreen.storyboard */ = {
			isa = PBXVariantGroup;
			children = (
				8D899E7E275EC536006F16EE /* Base */,
			);
			name = LaunchScreen.storyboard;
			sourceTree = "<group>";
		};
/* End PBXVariantGroup section */

/* Begin XCBuildConfiguration section */
		8D899E81275EC536006F16EE /* Debug */ = {
			isa = XCBuildConfiguration;
			buildSettings = {
				ALWAYS_SEARCH_USER_PATHS = NO;
				CLANG_ANALYZER_NONNULL = YES;
				CLANG_ANALYZER_NUMBER_OBJECT_CONVERSION = YES_AGGRESSIVE;
				CLANG_CXX_LANGUAGE_STANDARD = "gnu++17";
				CLANG_CXX_LIBRARY = "libc++";
				CLANG_ENABLE_MODULES = YES;
				CLANG_ENABLE_OBJC_ARC = YES;
				CLANG_ENABLE_OBJC_WEAK = YES;
				CLANG_WARN_BLOCK_CAPTURE_AUTORELEASING = YES;
				CLANG_WARN_BOOL_CONVERSION = YES;
				CLANG_WARN_COMMA = YES;
				CLANG_WARN_CONSTANT_CONVERSION = YES;
				CLANG_WARN_DEPRECATED_OBJC_IMPLEMENTATIONS = YES;
				CLANG_WARN_DIRECT_OBJC_ISA_USAGE = YES_ERROR;
				CLANG_WARN_DOCUMENTATION_COMMENTS = YES;
				CLANG_WARN_EMPTY_BODY = YES;
				CLANG_WARN_ENUM_CONVERSION = YES;
				CLANG_WARN_INFINITE_RECURSION = YES;
				CLANG_WARN_INT_CONVERSION = YES;
				CLANG_WARN_NON_LITERAL_NULL_CONVERSION = YES;
				CLANG_WARN_OBJC_IMPLICIT_RETAIN_SELF = YES;
				CLANG_WARN_OBJC_LITERAL_CONVERSION = YES;
				CLANG_WARN_OBJC_ROOT_CLASS = YES_ERROR;
				CLANG_WARN_QUOTED_INCLUDE_IN_FRAMEWORK_HEADER = YES;
				CLANG_WARN_RANGE_LOOP_ANALYSIS = YES;
				CLANG_WARN_STRICT_PROTOTYPES = YES;
				CLANG_WARN_SUSPICIOUS_MOVE = YES;
				CLANG_WARN_UNGUARDED_AVAILABILITY = YES_AGGRESSIVE;
				CLANG_WARN_UNREACHABLE_CODE = YES;
				CLANG_WARN__DUPLICATE_METHOD_MATCH = YES;
				COPY_PHASE_STRIP = NO;
				DEBUG_INFORMATION_FORMAT = dwarf;
				ENABLE_STRICT_OBJC_MSGSEND = YES;
				ENABLE_TESTABILITY = YES;
				GCC_C_LANGUAGE_STANDARD = gnu11;
				GCC_DYNAMIC_NO_PIC = NO;
				GCC_NO_COMMON_BLOCKS = YES;
				GCC_OPTIMIZATION_LEVEL = 0;
				GCC_PREPROCESSOR_DEFINITIONS = (
					"DEBUG=1",
					"$(inherited)",
				);
				GCC_WARN_64_TO_32_BIT_CONVERSION = YES;
				GCC_WARN_ABOUT_RETURN_TYPE = YES_ERROR;
				GCC_WARN_UNDECLARED_SELECTOR = YES;
				GCC_WARN_UNINITIALIZED_AUTOS = YES_AGGRESSIVE;
				GCC_WARN_UNUSED_FUNCTION = YES;
				GCC_WARN_UNUSED_VARIABLE = YES;
				IPHONEOS_DEPLOYMENT_TARGET = 15.0;
				MTL_ENABLE_DEBUG_INFO = INCLUDE_SOURCE;
				MTL_FAST_MATH = YES;
				ONLY_ACTIVE_ARCH = YES;
				SDKROOT = iphoneos;
				SWIFT_ACTIVE_COMPILATION_CONDITIONS = DEBUG;
				SWIFT_OPTIMIZATION_LEVEL = "-Onone";
			};
			name = Debug;
		};
		8D899E82275EC536006F16EE /* Release */ = {
			isa = XCBuildConfiguration;
			buildSettings = {
				ALWAYS_SEARCH_USER_PATHS = NO;
				CLANG_ANALYZER_NONNULL = YES;
				CLANG_ANALYZER_NUMBER_OBJECT_CONVERSION = YES_AGGRESSIVE;
				CLANG_CXX_LANGUAGE_STANDARD = "gnu++17";
				CLANG_CXX_LIBRARY = "libc++";
				CLANG_ENABLE_MODULES = YES;
				CLANG_ENABLE_OBJC_ARC = YES;
				CLANG_ENABLE_OBJC_WEAK = YES;
				CLANG_WARN_BLOCK_CAPTURE_AUTORELEASING = YES;
				CLANG_WARN_BOOL_CONVERSION = YES;
				CLANG_WARN_COMMA = YES;
				CLANG_WARN_CONSTANT_CONVERSION = YES;
				CLANG_WARN_DEPRECATED_OBJC_IMPLEMENTATIONS = YES;
				CLANG_WARN_DIRECT_OBJC_ISA_USAGE = YES_ERROR;
				CLANG_WARN_DOCUMENTATION_COMMENTS = YES;
				CLANG_WARN_EMPTY_BODY = YES;
				CLANG_WARN_ENUM_CONVERSION = YES;
				CLANG_WARN_INFINITE_RECURSION = YES;
				CLANG_WARN_INT_CONVERSION = YES;
				CLANG_WARN_NON_LITERAL_NULL_CONVERSION = YES;
				CLANG_WARN_OBJC_IMPLICIT_RETAIN_SELF = YES;
				CLANG_WARN_OBJC_LITERAL_CONVERSION = YES;
				CLANG_WARN_OBJC_ROOT_CLASS = YES_ERROR;
				CLANG_WARN_QUOTED_INCLUDE_IN_FRAMEWORK_HEADER = YES;
				CLANG_WARN_RANGE_LOOP_ANALYSIS = YES;
				CLANG_WARN_STRICT_PROTOTYPES = YES;
				CLANG_WARN_SUSPICIOUS_MOVE = YES;
				CLANG_WARN_UNGUARDED_AVAILABILITY = YES_AGGRESSIVE;
				CLANG_WARN_UNREACHABLE_CODE = YES;
				CLANG_WARN__DUPLICATE_METHOD_MATCH = YES;
				COPY_PHASE_STRIP = NO;
				DEBUG_INFORMATION_FORMAT = "dwarf-with-dsym";
				ENABLE_NS_ASSERTIONS = NO;
				ENABLE_STRICT_OBJC_MSGSEND = YES;
				GCC_C_LANGUAGE_STANDARD = gnu11;
				GCC_NO_COMMON_BLOCKS = YES;
				GCC_WARN_64_TO_32_BIT_CONVERSION = YES;
				GCC_WARN_ABOUT_RETURN_TYPE = YES_ERROR;
				GCC_WARN_UNDECLARED_SELECTOR = YES;
				GCC_WARN_UNINITIALIZED_AUTOS = YES_AGGRESSIVE;
				GCC_WARN_UNUSED_FUNCTION = YES;
				GCC_WARN_UNUSED_VARIABLE = YES;
				IPHONEOS_DEPLOYMENT_TARGET = 15.0;
				MTL_ENABLE_DEBUG_INFO = NO;
				MTL_FAST_MATH = YES;
				SDKROOT = iphoneos;
				SWIFT_COMPILATION_MODE = wholemodule;
				SWIFT_OPTIMIZATION_LEVEL = "-O";
				VALIDATE_PRODUCT = YES;
			};
			name = Release;
		};
		8D899E84275EC536006F16EE /* Debug */ = {
			isa = XCBuildConfiguration;
			buildSettings = {
				ASSETCATALOG_COMPILER_APPICON_NAME = AppIcon;
				ASSETCATALOG_COMPILER_GLOBAL_ACCENT_COLOR_NAME = AccentColor;
				CODE_SIGN_STYLE = Automatic;
				CURRENT_PROJECT_VERSION = 1;
				DEVELOPMENT_TEAM = S52ZRS44GD;
				GENERATE_INFOPLIST_FILE = YES;
				INFOPLIST_FILE = contactsApp/Info.plist;
				INFOPLIST_KEY_UIApplicationSupportsIndirectInputEvents = YES;
				INFOPLIST_KEY_UILaunchStoryboardName = LaunchScreen;
				INFOPLIST_KEY_UIMainStoryboardFile = Main;
				INFOPLIST_KEY_UISupportedInterfaceOrientations_iPad = "UIInterfaceOrientationPortrait UIInterfaceOrientationPortraitUpsideDown UIInterfaceOrientationLandscapeLeft UIInterfaceOrientationLandscapeRight";
				INFOPLIST_KEY_UISupportedInterfaceOrientations_iPhone = "UIInterfaceOrientationPortrait UIInterfaceOrientationLandscapeLeft UIInterfaceOrientationLandscapeRight";
				LD_RUNPATH_SEARCH_PATHS = (
					"$(inherited)",
					"@executable_path/Frameworks",
				);
				MARKETING_VERSION = 1.0;
				PRODUCT_BUNDLE_IDENTIFIER = com.detotounpoquito.contactsApp;
				PRODUCT_NAME = "$(TARGET_NAME)";
				SWIFT_EMIT_LOC_STRINGS = YES;
				SWIFT_VERSION = 5.0;
				TARGETED_DEVICE_FAMILY = "1,2";
			};
			name = Debug;
		};
		8D899E85275EC536006F16EE /* Release */ = {
			isa = XCBuildConfiguration;
			buildSettings = {
				ASSETCATALOG_COMPILER_APPICON_NAME = AppIcon;
				ASSETCATALOG_COMPILER_GLOBAL_ACCENT_COLOR_NAME = AccentColor;
				CODE_SIGN_STYLE = Automatic;
				CURRENT_PROJECT_VERSION = 1;
				DEVELOPMENT_TEAM = S52ZRS44GD;
				GENERATE_INFOPLIST_FILE = YES;
				INFOPLIST_FILE = contactsApp/Info.plist;
				INFOPLIST_KEY_UIApplicationSupportsIndirectInputEvents = YES;
				INFOPLIST_KEY_UILaunchStoryboardName = LaunchScreen;
				INFOPLIST_KEY_UIMainStoryboardFile = Main;
				INFOPLIST_KEY_UISupportedInterfaceOrientations_iPad = "UIInterfaceOrientationPortrait UIInterfaceOrientationPortraitUpsideDown UIInterfaceOrientationLandscapeLeft UIInterfaceOrientationLandscapeRight";
				INFOPLIST_KEY_UISupportedInterfaceOrientations_iPhone = "UIInterfaceOrientationPortrait UIInterfaceOrientationLandscapeLeft UIInterfaceOrientationLandscapeRight";
				LD_RUNPATH_SEARCH_PATHS = (
					"$(inherited)",
					"@executable_path/Frameworks",
				);
				MARKETING_VERSION = 1.0;
				PRODUCT_BUNDLE_IDENTIFIER = com.detotounpoquito.contactsApp;
				PRODUCT_NAME = "$(TARGET_NAME)";
				SWIFT_EMIT_LOC_STRINGS = YES;
				SWIFT_VERSION = 5.0;
				TARGETED_DEVICE_FAMILY = "1,2";
			};
			name = Release;
		};
/* End XCBuildConfiguration section */

/* Begin XCConfigurationList section */
		8D899E67275EC532006F16EE /* Build configuration list for PBXProject "contactsApp" */ = {
			isa = XCConfigurationList;
			buildConfigurations = (
				8D899E81275EC536006F16EE /* Debug */,
				8D899E82275EC536006F16EE /* Release */,
			);
			defaultConfigurationIsVisible = 0;
			defaultConfigurationName = Release;
		};
		8D899E83275EC536006F16EE /* Build configuration list for PBXNativeTarget "contactsApp" */ = {
			isa = XCConfigurationList;
			buildConfigurations = (
				8D899E84275EC536006F16EE /* Debug */,
				8D899E85275EC536006F16EE /* Release */,
			);
			defaultConfigurationIsVisible = 0;
			defaultConfigurationName = Release;
		};
/* End XCConfigurationList section */

/* Begin XCVersionGroup section */
		8D899E78275EC533006F16EE /* contactsApp.xcdatamodeld */ = {
			isa = XCVersionGroup;
			children = (
				8D899E79275EC533006F16EE /* contactsApp.xcdatamodel */,
			);
			currentVersion = 8D899E79275EC533006F16EE /* contactsApp.xcdatamodel */;
			path = contactsApp.xcdatamodeld;
			sourceTree = "<group>";
			versionGroupType = wrapper.xcdatamodel;
		};
/* End XCVersionGroup section */
	};
	rootObject = 8D899E64275EC532006F16EE /* Project object */;
}
